{
  "nodes": {
    "macosHome": {
      "inputs": {
        "nixpkgs": [
          "macosPkgs"
        ],
        "utils": "utils"
      },
      "locked": {
        "lastModified": 1670253003,
        "narHash": "sha256-/tJIy4+FbsQyslq1ipyicZ2psOEd8dvl4OJ9lfisjd0=",
        "owner": "nix-community",
        "repo": "home-manager",
        "rev": "0e8125916b420e41bf0d23a0aa33fadd0328beb3",
        "type": "github"
      },
      "original": {
        "owner": "nix-community",
        "ref": "release-22.11",
        "repo": "home-manager",
        "type": "github"
      }
    },
    "macosPkgs": {
      "locked": {
        "lastModified": 1671139475,
        "narHash": "sha256-9hQgR6gLuMEvpG/RpoW7+BaeycgR+ib9O9LTENgcbj0=",
        "owner": "nixos",
        "repo": "nixpkgs",
        "rev": "f30da2c2622736aecdccac893666ea23cad90f2d",
        "type": "github"
      },
      "original": {
        "owner": "nixos",
        "ref": "nixpkgs-22.11-darwin",
        "repo": "nixpkgs",
        "type": "github"
      }
    },
    "nixosHome": {
      "inputs": {
        "nixpkgs": [
          "nixosPkgs"
        ],
        "utils": "utils_2"
      },
      "locked": {
        "lastModified": 1670253003,
        "narHash": "sha256-/tJIy4+FbsQyslq1ipyicZ2psOEd8dvl4OJ9lfisjd0=",
        "owner": "nix-community",
        "repo": "home-manager",
        "rev": "0e8125916b420e41bf0d23a0aa33fadd0328beb3",
        "type": "github"
      },
      "original": {
        "owner": "nix-community",
        "ref": "release-22.11",
        "repo": "home-manager",
        "type": "github"
      }
    },
    "nixosPkgs": {
      "locked": {
        "lastModified": 1671122953,
        "narHash": "sha256-SVWmiyX2wx6BAxo4zMfRqDgFoWf4d3Vx1MgG/Vo4jL4=",
        "owner": "nixos",
        "repo": "nixpkgs",
        "rev": "0152de25d49dc16883b65f3e29cfea8d32f68956",
        "type": "github"
      },
      "original": {
        "owner": "nixos",
        "ref": "nixos-22.11",
        "repo": "nixpkgs",
        "type": "github"
      }
    },
    "root": {
      "inputs": {
        "macosHome": "macosHome",
        "macosPkgs": "macosPkgs",
        "nixosHome": "nixosHome",
        "nixosPkgs": "nixosPkgs",
        "unstablePkgs": "unstablePkgs"
      }
    },
    "unstablePkgs": {
      "locked": {
        "lastModified": 1671190014,
        "narHash": "sha256-NW385LW4Nj53Hbv3LXr458s4NL2/wcARC8rzK7vSWkw=",
        "owner": "nixos",
        "repo": "nixpkgs",
        "rev": "fbcb61bd7eb19914cbd88789c3586a63ff46b72b",
        "type": "github"
      },
      "original": {
        "owner": "nixos",
        "ref": "nixpkgs-unstable",
        "repo": "nixpkgs",
        "type": "github"
      }
    },
    "utils": {
      "locked": {
        "lastModified": 1667395993,
        "narHash": "sha256-nuEHfE/LcWyuSWnS8t12N1wc105Qtau+/OdUAjtQ0rA=",
        "owner": "numtide",
        "repo": "flake-utils",
        "rev": "5aed5285a952e0b949eb3ba02c12fa4fcfef535f",
        "type": "github"
      },
      "original": {
        "owner": "numtide",
        "repo": "flake-utils",
        "type": "github"
      }
    },
    "utils_2": {
      "locked": {
        "lastModified": 1667395993,
        "narHash": "sha256-nuEHfE/LcWyuSWnS8t12N1wc105Qtau+/OdUAjtQ0rA=",
        "owner": "numtide",
        "repo": "flake-utils",
        "rev": "5aed5285a952e0b949eb3ba02c12fa4fcfef535f",
        "type": "github"
      },
      "original": {
        "owner": "numtide",
        "repo": "flake-utils",
        "type": "github"
      }
    }
  },
  "root": "root",
  "version": 7
}
