{
  "nodes": {
    "macosHome": {
      "inputs": {
        "nixpkgs": [
          "macosPkgs"
        ]
      },
      "locked": {
        "lastModified": 1665996265,
        "narHash": "sha256-/k9og6LDBQwT+f/tJ5ClcWiUl8kCX5m6ognhsAxOiCY=",
        "owner": "nix-community",
        "repo": "home-manager",
        "rev": "b81e128fc053ab3159d7b464d9b7dedc9d6a6891",
        "type": "github"
      },
      "original": {
        "owner": "nix-community",
        "ref": "release-22.05",
        "repo": "home-manager",
        "type": "github"
      }
    },
    "macosPkgs": {
      "locked": {
        "lastModified": 1666610816,
        "narHash": "sha256-q4F2VNe5bpxXOvp16DyLwE1SgNZMbNO29ZQJPIomedg=",
        "owner": "nixos",
        "repo": "nixpkgs",
        "rev": "6107f97012a0c134c5848125b5aa1b149b76d2c9",
        "type": "github"
      },
      "original": {
        "owner": "nixos",
        "ref": "nixpkgs-22.05-darwin",
        "repo": "nixpkgs",
        "type": "github"
      }
    },
    "nixosHome": {
      "inputs": {
        "nixpkgs": [
          "nixosPkgs"
        ]
      },
      "locked": {
        "lastModified": 1665996265,
        "narHash": "sha256-/k9og6LDBQwT+f/tJ5ClcWiUl8kCX5m6ognhsAxOiCY=",
        "owner": "nix-community",
        "repo": "home-manager",
        "rev": "b81e128fc053ab3159d7b464d9b7dedc9d6a6891",
        "type": "github"
      },
      "original": {
        "owner": "nix-community",
        "ref": "release-22.05",
        "repo": "home-manager",
        "type": "github"
      }
    },
    "nixosPkgs": {
      "locked": {
        "lastModified": 1666767323,
        "narHash": "sha256-drbsgF8iLzQQ6umzOU/idYkI+UoifQdpH+mwohB3J7c=",
        "owner": "nixos",
        "repo": "nixpkgs",
        "rev": "e6e675cafe6a1d1b0eeb9ac3fe046091244b714e",
        "type": "github"
      },
      "original": {
        "owner": "nixos",
        "ref": "nixos-22.05",
        "repo": "nixpkgs",
        "type": "github"
      }
    },
    "root": {
      "inputs": {
        "macosHome": "macosHome",
        "macosPkgs": "macosPkgs",
        "nixosHome": "nixosHome",
        "nixosPkgs": "nixosPkgs",
        "unstablePkgs": "unstablePkgs"
      }
    },
    "unstablePkgs": {
      "locked": {
        "lastModified": 1666837999,
        "narHash": "sha256-hI7+s1UVDsJNqNn9UGV6xTBGqMC4dqOyVpeDf+su7JU=",
        "owner": "nixos",
        "repo": "nixpkgs",
        "rev": "1c6eb4876f71e8903ae9f73e6adf45fdbebc0292",
        "type": "github"
      },
      "original": {
        "owner": "nixos",
        "ref": "nixpkgs-unstable",
        "repo": "nixpkgs",
        "type": "github"
      }
    }
  },
  "root": "root",
  "version": 7
}
